
Microsoft Visual Studio Solution File, Format Version 12.00
# Visual Studio Version 17
VisualStudioVersion = 17.5.33516.290
MinimumVisualStudioVersion = 10.0.40219.1
Project("{FAE04EC0-301F-11D3-BF4B-00C04F79EFBC}") = "NucleicAcidAnalyzer", "NucleicAcidAnalyzer\NucleicAcidAnalyzer.csproj", "{4E108090-FE21-47F8-9DD1-B298CD51A3FA}"
EndProject
Project("{FAE04EC0-301F-11D3-BF4B-00C04F79EFBC}") = "NucleicAcidAnalyzerTest", "NucleicAcidAnalyzerTest\NucleicAcidAnalyzerTest.csproj", "{783680E4-F614-4FC5-8FE9-9C2A193495C0}"
EndProject
Global
	GlobalSection(SolutionConfigurationPlatforms) = preSolution
		Debug|Any CPU = Debug|Any CPU
		Release|Any CPU = Release|Any CPU
	EndGlobalSection
	GlobalSection(ProjectConfigurationPlatforms) = postSolution
		{4E108090-FE21-47F8-9DD1-B298CD51A3FA}.Debug|Any CPU.ActiveCfg = Debug|Any CPU
		{4E108090-FE21-47F8-9DD1-B298CD51A3FA}.Debug|Any CPU.Build.0 = Debug|Any CPU
		{4E108090-FE21-47F8-9DD1-B298CD51A3FA}.Release|Any CPU.ActiveCfg = Release|Any CPU
		{4E108090-FE21-47F8-9DD1-B298CD51A3FA}.Release|Any CPU.Build.0 = Release|Any CPU
		{783680E4-F614-4FC5-8FE9-9C2A193495C0}.Debug|Any CPU.ActiveCfg = Debug|Any CPU
		{783680E4-F614-4FC5-8FE9-9C2A193495C0}.Debug|Any CPU.Build.0 = Debug|Any CPU
		{783680E4-F614-4FC5-8FE9-9C2A193495C0}.Release|Any CPU.ActiveCfg = Release|Any CPU
		{783680E4-F614-4FC5-8FE9-9C2A193495C0}.Release|Any CPU.Build.0 = Release|Any CPU
	EndGlobalSection
	GlobalSection(SolutionProperties) = preSolution
		HideSolutionNode = FALSE
	EndGlobalSection
	GlobalSection(ExtensibilityGlobals) = postSolution
		SolutionGuid = {1A9E7062-FCC5-43C6-880B-4053A9684DF6}
	EndGlobalSection
EndGlobal
